
Microsoft Visual Studio Solution File, Format Version 12.00
# Visual Studio 15
VisualStudioVersion = 15.0.27004.2005
MinimumVisualStudioVersion = 10.0.40219.1
Project("{FAE04EC0-301F-11D3-BF4B-00C04F79EFBC}") = "XamarinProject.Android", "XamarinProject\XamarinProject.Android\XamarinProject.Android.csproj", "{D06CB18A-E683-4E4A-842C-B96E0D34E31A}"
EndProject
Project("{FAE04EC0-301F-11D3-BF4B-00C04F79EFBC}") = "XamarinProject", "XamarinProject\XamarinProject\XamarinProject.csproj", "{5E9F95AA-4477-44AB-BE66-719380CB3971}"
EndProject
Project("{FAE04EC0-301F-11D3-BF4B-00C04F79EFBC}") = "XamarinProject.UWP", "XamarinProject\XamarinProject.UWP\XamarinProject.UWP.csproj", "{780FEB24-2D99-4AA8-BCE3-B1DF06969448}"
EndProject
Project("{FAE04EC0-301F-11D3-BF4B-00C04F79EFBC}") = "XamarinProject.iOS", "XamarinProject\XamarinProject.iOS\XamarinProject.iOS.csproj", "{B7A36C94-71F6-4E79-961B-C8FE365EB466}"
EndProject
Global
	GlobalSection(SolutionConfigurationPlatforms) = preSolution
		Ad-Hoc|Any CPU = Ad-Hoc|Any CPU
		Ad-Hoc|ARM = Ad-Hoc|ARM
		Ad-Hoc|iPhone = Ad-Hoc|iPhone
		Ad-Hoc|iPhoneSimulator = Ad-Hoc|iPhoneSimulator
		Ad-Hoc|x64 = Ad-Hoc|x64
		Ad-Hoc|x86 = Ad-Hoc|x86
		AppStore|Any CPU = AppStore|Any CPU
		AppStore|ARM = AppStore|ARM
		AppStore|iPhone = AppStore|iPhone
		AppStore|iPhoneSimulator = AppStore|iPhoneSimulator
		AppStore|x64 = AppStore|x64
		AppStore|x86 = AppStore|x86
		Debug|Any CPU = Debug|Any CPU
		Debug|ARM = Debug|ARM
		Debug|iPhone = Debug|iPhone
		Debug|iPhoneSimulator = Debug|iPhoneSimulator
		Debug|x64 = Debug|x64
		Debug|x86 = Debug|x86
		Release|Any CPU = Release|Any CPU
		Release|ARM = Release|ARM
		Release|iPhone = Release|iPhone
		Release|iPhoneSimulator = Release|iPhoneSimulator
		Release|x64 = Release|x64
		Release|x86 = Release|x86
	EndGlobalSection
	GlobalSection(ProjectConfigurationPlatforms) = postSolution
		{D06CB18A-E683-4E4A-842C-B96E0D34E31A}.Ad-Hoc|Any CPU.ActiveCfg = Release|Any CPU
		{D06CB18A-E683-4E4A-842C-B96E0D34E31A}.Ad-Hoc|Any CPU.Build.0 = Release|Any CPU
		{D06CB18A-E683-4E4A-842C-B96E0D34E31A}.Ad-Hoc|Any CPU.Deploy.0 = Release|Any CPU
		{D06CB18A-E683-4E4A-842C-B96E0D34E31A}.Ad-Hoc|ARM.ActiveCfg = Release|Any CPU
		{D06CB18A-E683-4E4A-842C-B96E0D34E31A}.Ad-Hoc|ARM.Build.0 = Release|Any CPU
		{D06CB18A-E683-4E4A-842C-B96E0D34E31A}.Ad-Hoc|ARM.Deploy.0 = Release|Any CPU
		{D06CB18A-E683-4E4A-842C-B96E0D34E31A}.Ad-Hoc|iPhone.ActiveCfg = Release|Any CPU
		{D06CB18A-E683-4E4A-842C-B96E0D34E31A}.Ad-Hoc|iPhone.Build.0 = Release|Any CPU
		{D06CB18A-E683-4E4A-842C-B96E0D34E31A}.Ad-Hoc|iPhone.Deploy.0 = Release|Any CPU
		{D06CB18A-E683-4E4A-842C-B96E0D34E31A}.Ad-Hoc|iPhoneSimulator.ActiveCfg = Release|Any CPU
		{D06CB18A-E683-4E4A-842C-B96E0D34E31A}.Ad-Hoc|iPhoneSimulator.Build.0 = Release|Any CPU
		{D06CB18A-E683-4E4A-842C-B96E0D34E31A}.Ad-Hoc|iPhoneSimulator.Deploy.0 = Release|Any CPU
		{D06CB18A-E683-4E4A-842C-B96E0D34E31A}.Ad-Hoc|x64.ActiveCfg = Release|Any CPU
		{D06CB18A-E683-4E4A-842C-B96E0D34E31A}.Ad-Hoc|x64.Build.0 = Release|Any CPU
		{D06CB18A-E683-4E4A-842C-B96E0D34E31A}.Ad-Hoc|x64.Deploy.0 = Release|Any CPU
		{D06CB18A-E683-4E4A-842C-B96E0D34E31A}.Ad-Hoc|x86.ActiveCfg = Release|Any CPU
		{D06CB18A-E683-4E4A-842C-B96E0D34E31A}.Ad-Hoc|x86.Build.0 = Release|Any CPU
		{D06CB18A-E683-4E4A-842C-B96E0D34E31A}.Ad-Hoc|x86.Deploy.0 = Release|Any CPU
		{D06CB18A-E683-4E4A-842C-B96E0D34E31A}.AppStore|Any CPU.ActiveCfg = Release|Any CPU
		{D06CB18A-E683-4E4A-842C-B96E0D34E31A}.AppStore|Any CPU.Build.0 = Release|Any CPU
		{D06CB18A-E683-4E4A-842C-B96E0D34E31A}.AppStore|Any CPU.Deploy.0 = Release|Any CPU
		{D06CB18A-E683-4E4A-842C-B96E0D34E31A}.AppStore|ARM.ActiveCfg = Release|Any CPU
		{D06CB18A-E683-4E4A-842C-B96E0D34E31A}.AppStore|ARM.Build.0 = Release|Any CPU
		{D06CB18A-E683-4E4A-842C-B96E0D34E31A}.AppStore|ARM.Deploy.0 = Release|Any CPU
		{D06CB18A-E683-4E4A-842C-B96E0D34E31A}.AppStore|iPhone.ActiveCfg = Release|Any CPU
		{D06CB18A-E683-4E4A-842C-B96E0D34E31A}.AppStore|iPhone.Build.0 = Release|Any CPU
		{D06CB18A-E683-4E4A-842C-B96E0D34E31A}.AppStore|iPhone.Deploy.0 = Release|Any CPU
		{D06CB18A-E683-4E4A-842C-B96E0D34E31A}.AppStore|iPhoneSimulator.ActiveCfg = Release|Any CPU
		{D06CB18A-E683-4E4A-842C-B96E0D34E31A}.AppStore|iPhoneSimulator.Build.0 = Release|Any CPU
		{D06CB18A-E683-4E4A-842C-B96E0D34E31A}.AppStore|iPhoneSimulator.Deploy.0 = Release|Any CPU
		{D06CB18A-E683-4E4A-842C-B96E0D34E31A}.AppStore|x64.ActiveCfg = Release|Any CPU
		{D06CB18A-E683-4E4A-842C-B96E0D34E31A}.AppStore|x64.Build.0 = Release|Any CPU
		{D06CB18A-E683-4E4A-842C-B96E0D34E31A}.AppStore|x64.Deploy.0 = Release|Any CPU
		{D06CB18A-E683-4E4A-842C-B96E0D34E31A}.AppStore|x86.ActiveCfg = Release|Any CPU
		{D06CB18A-E683-4E4A-842C-B96E0D34E31A}.AppStore|x86.Build.0 = Release|Any CPU
		{D06CB18A-E683-4E4A-842C-B96E0D34E31A}.AppStore|x86.Deploy.0 = Release|Any CPU
		{D06CB18A-E683-4E4A-842C-B96E0D34E31A}.Debug|Any CPU.ActiveCfg = Debug|Any CPU
		{D06CB18A-E683-4E4A-842C-B96E0D34E31A}.Debug|Any CPU.Build.0 = Debug|Any CPU
		{D06CB18A-E683-4E4A-842C-B96E0D34E31A}.Debug|Any CPU.Deploy.0 = Debug|Any CPU
		{D06CB18A-E683-4E4A-842C-B96E0D34E31A}.Debug|ARM.ActiveCfg = Debug|Any CPU
		{D06CB18A-E683-4E4A-842C-B96E0D34E31A}.Debug|ARM.Build.0 = Debug|Any CPU
		{D06CB18A-E683-4E4A-842C-B96E0D34E31A}.Debug|ARM.Deploy.0 = Debug|Any CPU
		{D06CB18A-E683-4E4A-842C-B96E0D34E31A}.Debug|iPhone.ActiveCfg = Debug|Any CPU
		{D06CB18A-E683-4E4A-842C-B96E0D34E31A}.Debug|iPhone.Build.0 = Debug|Any CPU
		{D06CB18A-E683-4E4A-842C-B96E0D34E31A}.Debug|iPhone.Deploy.0 = Debug|Any CPU
		{D06CB18A-E683-4E4A-842C-B96E0D34E31A}.Debug|iPhoneSimulator.ActiveCfg = Debug|Any CPU
		{D06CB18A-E683-4E4A-842C-B96E0D34E31A}.Debug|iPhoneSimulator.Build.0 = Debug|Any CPU
		{D06CB18A-E683-4E4A-842C-B96E0D34E31A}.Debug|iPhoneSimulator.Deploy.0 = Debug|Any CPU
		{D06CB18A-E683-4E4A-842C-B96E0D34E31A}.Debug|x64.ActiveCfg = Debug|Any CPU
		{D06CB18A-E683-4E4A-842C-B96E0D34E31A}.Debug|x64.Build.0 = Debug|Any CPU
		{D06CB18A-E683-4E4A-842C-B96E0D34E31A}.Debug|x64.Deploy.0 = Debug|Any CPU
		{D06CB18A-E683-4E4A-842C-B96E0D34E31A}.Debug|x86.ActiveCfg = Debug|Any CPU
		{D06CB18A-E683-4E4A-842C-B96E0D34E31A}.Debug|x86.Build.0 = Debug|Any CPU
		{D06CB18A-E683-4E4A-842C-B96E0D34E31A}.Debug|x86.Deploy.0 = Debug|Any CPU
		{D06CB18A-E683-4E4A-842C-B96E0D34E31A}.Release|Any CPU.ActiveCfg = Release|Any CPU
		{D06CB18A-E683-4E4A-842C-B96E0D34E31A}.Release|Any CPU.Build.0 = Release|Any CPU
		{D06CB18A-E683-4E4A-842C-B96E0D34E31A}.Release|Any CPU.Deploy.0 = Release|Any CPU
		{D06CB18A-E683-4E4A-842C-B96E0D34E31A}.Release|ARM.ActiveCfg = Release|Any CPU
		{D06CB18A-E683-4E4A-842C-B96E0D34E31A}.Release|ARM.Build.0 = Release|Any CPU
		{D06CB18A-E683-4E4A-842C-B96E0D34E31A}.Release|ARM.Deploy.0 = Release|Any CPU
		{D06CB18A-E683-4E4A-842C-B96E0D34E31A}.Release|iPhone.ActiveCfg = Release|Any CPU
		{D06CB18A-E683-4E4A-842C-B96E0D34E31A}.Release|iPhone.Build.0 = Release|Any CPU
		{D06CB18A-E683-4E4A-842C-B96E0D34E31A}.Release|iPhone.Deploy.0 = Release|Any CPU
		{D06CB18A-E683-4E4A-842C-B96E0D34E31A}.Release|iPhoneSimulator.ActiveCfg = Release|Any CPU
		{D06CB18A-E683-4E4A-842C-B96E0D34E31A}.Release|iPhoneSimulator.Build.0 = Release|Any CPU
		{D06CB18A-E683-4E4A-842C-B96E0D34E31A}.Release|iPhoneSimulator.Deploy.0 = Release|Any CPU
		{D06CB18A-E683-4E4A-842C-B96E0D34E31A}.Release|x64.ActiveCfg = Release|Any CPU
		{D06CB18A-E683-4E4A-842C-B96E0D34E31A}.Release|x64.Build.0 = Release|Any CPU
		{D06CB18A-E683-4E4A-842C-B96E0D34E31A}.Release|x64.Deploy.0 = Release|Any CPU
		{D06CB18A-E683-4E4A-842C-B96E0D34E31A}.Release|x86.ActiveCfg = Release|Any CPU
		{D06CB18A-E683-4E4A-842C-B96E0D34E31A}.Release|x86.Build.0 = Release|Any CPU
		{D06CB18A-E683-4E4A-842C-B96E0D34E31A}.Release|x86.Deploy.0 = Release|Any CPU
		{5E9F95AA-4477-44AB-BE66-719380CB3971}.Ad-Hoc|Any CPU.ActiveCfg = Release|Any CPU
		{5E9F95AA-4477-44AB-BE66-719380CB3971}.Ad-Hoc|Any CPU.Build.0 = Release|Any CPU
		{5E9F95AA-4477-44AB-BE66-719380CB3971}.Ad-Hoc|ARM.ActiveCfg = Release|Any CPU
		{5E9F95AA-4477-44AB-BE66-719380CB3971}.Ad-Hoc|ARM.Build.0 = Release|Any CPU
		{5E9F95AA-4477-44AB-BE66-719380CB3971}.Ad-Hoc|iPhone.ActiveCfg = Release|Any CPU
		{5E9F95AA-4477-44AB-BE66-719380CB3971}.Ad-Hoc|iPhone.Build.0 = Release|Any CPU
		{5E9F95AA-4477-44AB-BE66-719380CB3971}.Ad-Hoc|iPhoneSimulator.ActiveCfg = Release|Any CPU
		{5E9F95AA-4477-44AB-BE66-719380CB3971}.Ad-Hoc|iPhoneSimulator.Build.0 = Release|Any CPU
		{5E9F95AA-4477-44AB-BE66-719380CB3971}.Ad-Hoc|x64.ActiveCfg = Release|Any CPU
		{5E9F95AA-4477-44AB-BE66-719380CB3971}.Ad-Hoc|x64.Build.0 = Release|Any CPU
		{5E9F95AA-4477-44AB-BE66-719380CB3971}.Ad-Hoc|x86.ActiveCfg = Release|Any CPU
		{5E9F95AA-4477-44AB-BE66-719380CB3971}.Ad-Hoc|x86.Build.0 = Release|Any CPU
		{5E9F95AA-4477-44AB-BE66-719380CB3971}.AppStore|Any CPU.ActiveCfg = Release|Any CPU
		{5E9F95AA-4477-44AB-BE66-719380CB3971}.AppStore|Any CPU.Build.0 = Release|Any CPU
		{5E9F95AA-4477-44AB-BE66-719380CB3971}.AppStore|ARM.ActiveCfg = Release|Any CPU
		{5E9F95AA-4477-44AB-BE66-719380CB3971}.AppStore|ARM.Build.0 = Release|Any CPU
		{5E9F95AA-4477-44AB-BE66-719380CB3971}.AppStore|iPhone.ActiveCfg = Release|Any CPU
		{5E9F95AA-4477-44AB-BE66-719380CB3971}.AppStore|iPhone.Build.0 = Release|Any CPU
		{5E9F95AA-4477-44AB-BE66-719380CB3971}.AppStore|iPhoneSimulator.ActiveCfg = Release|Any CPU
		{5E9F95AA-4477-44AB-BE66-719380CB3971}.AppStore|iPhoneSimulator.Build.0 = Release|Any CPU
		{5E9F95AA-4477-44AB-BE66-719380CB3971}.AppStore|x64.ActiveCfg = Release|Any CPU
		{5E9F95AA-4477-44AB-BE66-719380CB3971}.AppStore|x64.Build.0 = Release|Any CPU
		{5E9F95AA-4477-44AB-BE66-719380CB3971}.AppStore|x86.ActiveCfg = Release|Any CPU
		{5E9F95AA-4477-44AB-BE66-719380CB3971}.AppStore|x86.Build.0 = Release|Any CPU
		{5E9F95AA-4477-44AB-BE66-719380CB3971}.Debug|Any CPU.ActiveCfg = Debug|Any CPU
		{5E9F95AA-4477-44AB-BE66-719380CB3971}.Debug|Any CPU.Build.0 = Debug|Any CPU
		{5E9F95AA-4477-44AB-BE66-719380CB3971}.Debug|ARM.ActiveCfg = Debug|Any CPU
		{5E9F95AA-4477-44AB-BE66-719380CB3971}.Debug|ARM.Build.0 = Debug|Any CPU
		{5E9F95AA-4477-44AB-BE66-719380CB3971}.Debug|iPhone.ActiveCfg = Debug|Any CPU
		{5E9F95AA-4477-44AB-BE66-719380CB3971}.Debug|iPhone.Build.0 = Debug|Any CPU
		{5E9F95AA-4477-44AB-BE66-719380CB3971}.Debug|iPhoneSimulator.ActiveCfg = Debug|Any CPU
		{5E9F95AA-4477-44AB-BE66-719380CB3971}.Debug|iPhoneSimulator.Build.0 = Debug|Any CPU
		{5E9F95AA-4477-44AB-BE66-719380CB3971}.Debug|x64.ActiveCfg = Debug|Any CPU
		{5E9F95AA-4477-44AB-BE66-719380CB3971}.Debug|x64.Build.0 = Debug|Any CPU
		{5E9F95AA-4477-44AB-BE66-719380CB3971}.Debug|x86.ActiveCfg = Debug|Any CPU
		{5E9F95AA-4477-44AB-BE66-719380CB3971}.Debug|x86.Build.0 = Debug|Any CPU
		{5E9F95AA-4477-44AB-BE66-719380CB3971}.Release|Any CPU.ActiveCfg = Release|Any CPU
		{5E9F95AA-4477-44AB-BE66-719380CB3971}.Release|Any CPU.Build.0 = Release|Any CPU
		{5E9F95AA-4477-44AB-BE66-719380CB3971}.Release|ARM.ActiveCfg = Release|Any CPU
		{5E9F95AA-4477-44AB-BE66-719380CB3971}.Release|ARM.Build.0 = Release|Any CPU
		{5E9F95AA-4477-44AB-BE66-719380CB3971}.Release|iPhone.ActiveCfg = Release|Any CPU
		{5E9F95AA-4477-44AB-BE66-719380CB3971}.Release|iPhone.Build.0 = Release|Any CPU
		{5E9F95AA-4477-44AB-BE66-719380CB3971}.Release|iPhoneSimulator.ActiveCfg = Release|Any CPU
		{5E9F95AA-4477-44AB-BE66-719380CB3971}.Release|iPhoneSimulator.Build.0 = Release|Any CPU
		{5E9F95AA-4477-44AB-BE66-719380CB3971}.Release|x64.ActiveCfg = Release|Any CPU
		{5E9F95AA-4477-44AB-BE66-719380CB3971}.Release|x64.Build.0 = Release|Any CPU
		{5E9F95AA-4477-44AB-BE66-719380CB3971}.Release|x86.ActiveCfg = Release|Any CPU
		{5E9F95AA-4477-44AB-BE66-719380CB3971}.Release|x86.Build.0 = Release|Any CPU
		{780FEB24-2D99-4AA8-BCE3-B1DF06969448}.Ad-Hoc|Any CPU.ActiveCfg = Release|x86
		{780FEB24-2D99-4AA8-BCE3-B1DF06969448}.Ad-Hoc|Any CPU.Build.0 = Release|x86
		{780FEB24-2D99-4AA8-BCE3-B1DF06969448}.Ad-Hoc|Any CPU.Deploy.0 = Release|x86
		{780FEB24-2D99-4AA8-BCE3-B1DF06969448}.Ad-Hoc|ARM.ActiveCfg = Release|ARM
		{780FEB24-2D99-4AA8-BCE3-B1DF06969448}.Ad-Hoc|ARM.Build.0 = Release|ARM
		{780FEB24-2D99-4AA8-BCE3-B1DF06969448}.Ad-Hoc|ARM.Deploy.0 = Release|ARM
		{780FEB24-2D99-4AA8-BCE3-B1DF06969448}.Ad-Hoc|iPhone.ActiveCfg = Release|x86
		{780FEB24-2D99-4AA8-BCE3-B1DF06969448}.Ad-Hoc|iPhone.Build.0 = Release|x86
		{780FEB24-2D99-4AA8-BCE3-B1DF06969448}.Ad-Hoc|iPhone.Deploy.0 = Release|x86
		{780FEB24-2D99-4AA8-BCE3-B1DF06969448}.Ad-Hoc|iPhoneSimulator.ActiveCfg = Release|x86
		{780FEB24-2D99-4AA8-BCE3-B1DF06969448}.Ad-Hoc|iPhoneSimulator.Build.0 = Release|x86
		{780FEB24-2D99-4AA8-BCE3-B1DF06969448}.Ad-Hoc|iPhoneSimulator.Deploy.0 = Release|x86
		{780FEB24-2D99-4AA8-BCE3-B1DF06969448}.Ad-Hoc|x64.ActiveCfg = Release|x64
		{780FEB24-2D99-4AA8-BCE3-B1DF06969448}.Ad-Hoc|x64.Build.0 = Release|x64
		{780FEB24-2D99-4AA8-BCE3-B1DF06969448}.Ad-Hoc|x64.Deploy.0 = Release|x64
		{780FEB24-2D99-4AA8-BCE3-B1DF06969448}.Ad-Hoc|x86.ActiveCfg = Release|x86
		{780FEB24-2D99-4AA8-BCE3-B1DF06969448}.Ad-Hoc|x86.Build.0 = Release|x86
		{780FEB24-2D99-4AA8-BCE3-B1DF06969448}.Ad-Hoc|x86.Deploy.0 = Release|x86
		{780FEB24-2D99-4AA8-BCE3-B1DF06969448}.AppStore|Any CPU.ActiveCfg = Release|x86
		{780FEB24-2D99-4AA8-BCE3-B1DF06969448}.AppStore|Any CPU.Build.0 = Release|x86
		{780FEB24-2D99-4AA8-BCE3-B1DF06969448}.AppStore|Any CPU.Deploy.0 = Release|x86
		{780FEB24-2D99-4AA8-BCE3-B1DF06969448}.AppStore|ARM.ActiveCfg = Release|ARM
		{780FEB24-2D99-4AA8-BCE3-B1DF06969448}.AppStore|ARM.Build.0 = Release|ARM
		{780FEB24-2D99-4AA8-BCE3-B1DF06969448}.AppStore|ARM.Deploy.0 = Release|ARM
		{780FEB24-2D99-4AA8-BCE3-B1DF06969448}.AppStore|iPhone.ActiveCfg = Release|x86
		{780FEB24-2D99-4AA8-BCE3-B1DF06969448}.AppStore|iPhone.Build.0 = Release|x86
		{780FEB24-2D99-4AA8-BCE3-B1DF06969448}.AppStore|iPhone.Deploy.0 = Release|x86
		{780FEB24-2D99-4AA8-BCE3-B1DF06969448}.AppStore|iPhoneSimulator.ActiveCfg = Release|x86
		{780FEB24-2D99-4AA8-BCE3-B1DF06969448}.AppStore|iPhoneSimulator.Build.0 = Release|x86
		{780FEB24-2D99-4AA8-BCE3-B1DF06969448}.AppStore|iPhoneSimulator.Deploy.0 = Release|x86
		{780FEB24-2D99-4AA8-BCE3-B1DF06969448}.AppStore|x64.ActiveCfg = Release|x64
		{780FEB24-2D99-4AA8-BCE3-B1DF06969448}.AppStore|x64.Build.0 = Release|x64
		{780FEB24-2D99-4AA8-BCE3-B1DF06969448}.AppStore|x64.Deploy.0 = Release|x64
		{780FEB24-2D99-4AA8-BCE3-B1DF06969448}.AppStore|x86.ActiveCfg = Release|x86
		{780FEB24-2D99-4AA8-BCE3-B1DF06969448}.AppStore|x86.Build.0 = Release|x86
		{780FEB24-2D99-4AA8-BCE3-B1DF06969448}.AppStore|x86.Deploy.0 = Release|x86
		{780FEB24-2D99-4AA8-BCE3-B1DF06969448}.Debug|Any CPU.ActiveCfg = Debug|x86
		{780FEB24-2D99-4AA8-BCE3-B1DF06969448}.Debug|ARM.ActiveCfg = Debug|ARM
		{780FEB24-2D99-4AA8-BCE3-B1DF06969448}.Debug|ARM.Build.0 = Debug|ARM
		{780FEB24-2D99-4AA8-BCE3-B1DF06969448}.Debug|ARM.Deploy.0 = Debug|ARM
		{780FEB24-2D99-4AA8-BCE3-B1DF06969448}.Debug|iPhone.ActiveCfg = Debug|x86
		{780FEB24-2D99-4AA8-BCE3-B1DF06969448}.Debug|iPhoneSimulator.ActiveCfg = Debug|x86
		{780FEB24-2D99-4AA8-BCE3-B1DF06969448}.Debug|x64.ActiveCfg = Debug|x64
		{780FEB24-2D99-4AA8-BCE3-B1DF06969448}.Debug|x64.Build.0 = Debug|x64
		{780FEB24-2D99-4AA8-BCE3-B1DF06969448}.Debug|x64.Deploy.0 = Debug|x64
		{780FEB24-2D99-4AA8-BCE3-B1DF06969448}.Debug|x86.ActiveCfg = Debug|x86
		{780FEB24-2D99-4AA8-BCE3-B1DF06969448}.Debug|x86.Build.0 = Debug|x86
		{780FEB24-2D99-4AA8-BCE3-B1DF06969448}.Debug|x86.Deploy.0 = Debug|x86
		{780FEB24-2D99-4AA8-BCE3-B1DF06969448}.Release|Any CPU.ActiveCfg = Release|x86
		{780FEB24-2D99-4AA8-BCE3-B1DF06969448}.Release|ARM.ActiveCfg = Release|ARM
		{780FEB24-2D99-4AA8-BCE3-B1DF06969448}.Release|ARM.Build.0 = Release|ARM
		{780FEB24-2D99-4AA8-BCE3-B1DF06969448}.Release|ARM.Deploy.0 = Release|ARM
		{780FEB24-2D99-4AA8-BCE3-B1DF06969448}.Release|iPhone.ActiveCfg = Release|x86
		{780FEB24-2D99-4AA8-BCE3-B1DF06969448}.Release|iPhoneSimulator.ActiveCfg = Release|x86
		{780FEB24-2D99-4AA8-BCE3-B1DF06969448}.Release|x64.ActiveCfg = Release|x64
		{780FEB24-2D99-4AA8-BCE3-B1DF06969448}.Release|x64.Build.0 = Release|x64
		{780FEB24-2D99-4AA8-BCE3-B1DF06969448}.Release|x64.Deploy.0 = Release|x64
		{780FEB24-2D99-4AA8-BCE3-B1DF06969448}.Release|x86.ActiveCfg = Release|x86
		{780FEB24-2D99-4AA8-BCE3-B1DF06969448}.Release|x86.Build.0 = Release|x86
		{780FEB24-2D99-4AA8-BCE3-B1DF06969448}.Release|x86.Deploy.0 = Release|x86
		{B7A36C94-71F6-4E79-961B-C8FE365EB466}.Ad-Hoc|Any CPU.ActiveCfg = Ad-Hoc|iPhoneSimulator
		{B7A36C94-71F6-4E79-961B-C8FE365EB466}.Ad-Hoc|ARM.ActiveCfg = Ad-Hoc|iPhone
		{B7A36C94-71F6-4E79-961B-C8FE365EB466}.Ad-Hoc|iPhone.ActiveCfg = Ad-Hoc|iPhone
		{B7A36C94-71F6-4E79-961B-C8FE365EB466}.Ad-Hoc|iPhone.Build.0 = Ad-Hoc|iPhone
		{B7A36C94-71F6-4E79-961B-C8FE365EB466}.Ad-Hoc|iPhoneSimulator.ActiveCfg = Ad-Hoc|iPhoneSimulator
		{B7A36C94-71F6-4E79-961B-C8FE365EB466}.Ad-Hoc|iPhoneSimulator.Build.0 = Ad-Hoc|iPhoneSimulator
		{B7A36C94-71F6-4E79-961B-C8FE365EB466}.Ad-Hoc|x64.ActiveCfg = Ad-Hoc|iPhone
		{B7A36C94-71F6-4E79-961B-C8FE365EB466}.Ad-Hoc|x86.ActiveCfg = Ad-Hoc|iPhone
		{B7A36C94-71F6-4E79-961B-C8FE365EB466}.AppStore|Any CPU.ActiveCfg = AppStore|iPhoneSimulator
		{B7A36C94-71F6-4E79-961B-C8FE365EB466}.AppStore|ARM.ActiveCfg = AppStore|iPhone
		{B7A36C94-71F6-4E79-961B-C8FE365EB466}.AppStore|iPhone.ActiveCfg = AppStore|iPhone
		{B7A36C94-71F6-4E79-961B-C8FE365EB466}.AppStore|iPhone.Build.0 = AppStore|iPhone
		{B7A36C94-71F6-4E79-961B-C8FE365EB466}.AppStore|iPhoneSimulator.ActiveCfg = AppStore|iPhoneSimulator
		{B7A36C94-71F6-4E79-961B-C8FE365EB466}.AppStore|iPhoneSimulator.Build.0 = AppStore|iPhoneSimulator
		{B7A36C94-71F6-4E79-961B-C8FE365EB466}.AppStore|x64.ActiveCfg = AppStore|iPhone
		{B7A36C94-71F6-4E79-961B-C8FE365EB466}.AppStore|x86.ActiveCfg = AppStore|iPhone
		{B7A36C94-71F6-4E79-961B-C8FE365EB466}.Debug|Any CPU.ActiveCfg = Debug|iPhoneSimulator
		{B7A36C94-71F6-4E79-961B-C8FE365EB466}.Debug|ARM.ActiveCfg = Debug|iPhone
		{B7A36C94-71F6-4E79-961B-C8FE365EB466}.Debug|iPhone.ActiveCfg = Debug|iPhone
		{B7A36C94-71F6-4E79-961B-C8FE365EB466}.Debug|iPhone.Build.0 = Debug|iPhone
		{B7A36C94-71F6-4E79-961B-C8FE365EB466}.Debug|iPhoneSimulator.ActiveCfg = Debug|iPhoneSimulator
		{B7A36C94-71F6-4E79-961B-C8FE365EB466}.Debug|iPhoneSimulator.Build.0 = Debug|iPhoneSimulator
		{B7A36C94-71F6-4E79-961B-C8FE365EB466}.Debug|x64.ActiveCfg = Debug|iPhone
		{B7A36C94-71F6-4E79-961B-C8FE365EB466}.Debug|x86.ActiveCfg = Debug|iPhone
		{B7A36C94-71F6-4E79-961B-C8FE365EB466}.Release|Any CPU.ActiveCfg = Release|iPhoneSimulator
		{B7A36C94-71F6-4E79-961B-C8FE365EB466}.Release|ARM.ActiveCfg = Release|iPhone
		{B7A36C94-71F6-4E79-961B-C8FE365EB466}.Release|iPhone.ActiveCfg = Release|iPhone
		{B7A36C94-71F6-4E79-961B-C8FE365EB466}.Release|iPhone.Build.0 = Release|iPhone
		{B7A36C94-71F6-4E79-961B-C8FE365EB466}.Release|iPhoneSimulator.ActiveCfg = Release|iPhoneSimulator
		{B7A36C94-71F6-4E79-961B-C8FE365EB466}.Release|iPhoneSimulator.Build.0 = Release|iPhoneSimulator
		{B7A36C94-71F6-4E79-961B-C8FE365EB466}.Release|x64.ActiveCfg = Release|iPhone
		{B7A36C94-71F6-4E79-961B-C8FE365EB466}.Release|x86.ActiveCfg = Release|iPhone
	EndGlobalSection
	GlobalSection(SolutionProperties) = preSolution
		HideSolutionNode = FALSE
	EndGlobalSection
	GlobalSection(ExtensibilityGlobals) = postSolution
		SolutionGuid = {6F462B35-800F-43C9-BA43-9DBFBF083C5D}
	EndGlobalSection
EndGlobal
